
Microsoft Visual Studio Solution File, Format Version 12.00
# Visual Studio Version 17
VisualStudioVersion = 17.13.35818.85 d17.13
MinimumVisualStudioVersion = 10.0.40219.1
Project("{FAE04EC0-301F-11D3-BF4B-00C04F79EFBC}") = "Helo World", "Helo World\Helo World.csproj", "{CEA06678-A0C8-42C1-BAB6-7873D6DF20CD}"
EndProject
Global
	GlobalSection(SolutionConfigurationPlatforms) = preSolution
		Debug|Any CPU = Debug|Any CPU
		Release|Any CPU = Release|Any CPU
	EndGlobalSection
	GlobalSection(ProjectConfigurationPlatforms) = postSolution
		{CEA06678-A0C8-42C1-BAB6-7873D6DF20CD}.Debug|Any CPU.ActiveCfg = Debug|Any CPU
		{CEA06678-A0C8-42C1-BAB6-7873D6DF20CD}.Debug|Any CPU.Build.0 = Debug|Any CPU
		{CEA06678-A0C8-42C1-BAB6-7873D6DF20CD}.Release|Any CPU.ActiveCfg = Release|Any CPU
		{CEA06678-A0C8-42C1-BAB6-7873D6DF20CD}.Release|Any CPU.Build.0 = Release|Any CPU
	EndGlobalSection
	GlobalSection(SolutionProperties) = preSolution
		HideSolutionNode = FALSE
	EndGlobalSection
	GlobalSection(ExtensibilityGlobals) = postSolution
		SolutionGuid = {39DF08EC-7995-4A7D-A79D-4B4185B84121}
	EndGlobalSection
EndGlobal
